// !$*UTF8*$!
{
	archiveVersion = 1;
	classes = {
	};
	objectVersion = 46;
	objects = {

/* Begin PBXBuildFile section */
		1EC2D5FC4752F349485BCEB2 /* libPods.a in Frameworks */ = {isa = PBXBuildFile; fileRef = 33A8BE1C415C7F5BA536A706 /* libPods.a */; };
		5DFAC22E1CD5B71100EC5EEC /* main.m in Sources */ = {isa = PBXBuildFile; fileRef = 5DFAC22D1CD5B71100EC5EEC /* main.m */; };
		5DFAC2311CD5B71100EC5EEC /* AppDelegate.m in Sources */ = {isa = PBXBuildFile; fileRef = 5DFAC2301CD5B71100EC5EEC /* AppDelegate.m */; };
		5DFAC2331CD5B71100EC5EEC /* Assets.xcassets in Resources */ = {isa = PBXBuildFile; fileRef = 5DFAC2321CD5B71100EC5EEC /* Assets.xcassets */; };
		5DFAC2361CD5B71100EC5EEC /* LaunchScreen.storyboard in Resources */ = {isa = PBXBuildFile; fileRef = 5DFAC2341CD5B71100EC5EEC /* LaunchScreen.storyboard */; };
		5DFAC2401CD5B7C300EC5EEC /* MyViewController.m in Sources */ = {isa = PBXBuildFile; fileRef = 5DFAC23E1CD5B7C300EC5EEC /* MyViewController.m */; };
		5DFAC2411CD5B7C300EC5EEC /* MyViewController.xib in Resources */ = {isa = PBXBuildFile; fileRef = 5DFAC23F1CD5B7C300EC5EEC /* MyViewController.xib */; };
/* End PBXBuildFile section */

/* Begin PBXFileReference section */
		33A8BE1C415C7F5BA536A706 /* libPods.a */ = {isa = PBXFileReference; explicitFileType = archive.ar; includeInIndex = 0; path = libPods.a; sourceTree = BUILT_PRODUCTS_DIR; };
		42F3BD5AD332EE56203E3A01 /* Pods.release.xcconfig */ = {isa = PBXFileReference; includeInIndex = 1; lastKnownFileType = text.xcconfig; name = Pods.release.xcconfig; path = "Pods/Target Support Files/Pods/Pods.release.xcconfig"; sourceTree = "<group>"; };
		5DFAC2291CD5B71100EC5EEC /* WebServiceDemo.app */ = {isa = PBXFileReference; explicitFileType = wrapper.application; includeInIndex = 0; path = WebServiceDemo.app; sourceTree = BUILT_PRODUCTS_DIR; };
		5DFAC22D1CD5B71100EC5EEC /* main.m */ = {isa = PBXFileReference; lastKnownFileType = sourcecode.c.objc; path = main.m; sourceTree = "<group>"; };
		5DFAC22F1CD5B71100EC5EEC /* AppDelegate.h */ = {isa = PBXFileReference; lastKnownFileType = sourcecode.c.h; path = AppDelegate.h; sourceTree = "<group>"; };
		5DFAC2301CD5B71100EC5EEC /* AppDelegate.m */ = {isa = PBXFileReference; lastKnownFileType = sourcecode.c.objc; path = AppDelegate.m; sourceTree = "<group>"; };
		5DFAC2321CD5B71100EC5EEC /* Assets.xcassets */ = {isa = PBXFileReference; lastKnownFileType = folder.assetcatalog; path = Assets.xcassets; sourceTree = "<group>"; };
		5DFAC2351CD5B71100EC5EEC /* Base */ = {isa = PBXFileReference; lastKnownFileType = file.storyboard; name = Base; path = Base.lproj/LaunchScreen.storyboard; sourceTree = "<group>"; };
		5DFAC2371CD5B71100EC5EEC /* Info.plist */ = {isa = PBXFileReference; lastKnownFileType = text.plist.xml; path = Info.plist; sourceTree = "<group>"; };
		5DFAC23D1CD5B7C300EC5EEC /* MyViewController.h */ = {isa = PBXFileReference; fileEncoding = 4; lastKnownFileType = sourcecode.c.h; path = MyViewController.h; sourceTree = "<group>"; };
		5DFAC23E1CD5B7C300EC5EEC /* MyViewController.m */ = {isa = PBXFileReference; fileEncoding = 4; lastKnownFileType = sourcecode.c.objc; path = MyViewController.m; sourceTree = "<group>"; };
		5DFAC23F1CD5B7C300EC5EEC /* MyViewController.xib */ = {isa = PBXFileReference; fileEncoding = 4; lastKnownFileType = file.xib; path = MyViewController.xib; sourceTree = "<group>"; };
		99AB2AB715028116C3B4C8DB /* Pods.debug.xcconfig */ = {isa = PBXFileReference; includeInIndex = 1; lastKnownFileType = text.xcconfig; name = Pods.debug.xcconfig; path = "Pods/Target Support Files/Pods/Pods.debug.xcconfig"; sourceTree = "<group>"; };
/* End PBXFileReference section */

/* Begin PBXFrameworksBuildPhase section */
		5DFAC2261CD5B71100EC5EEC /* Frameworks */ = {
			isa = PBXFrameworksBuildPhase;
			buildActionMask = 2147483647;
			files = (
				1EC2D5FC4752F349485BCEB2 /* libPods.a in Frameworks */,
			);
			runOnlyForDeploymentPostprocessing = 0;
		};
/* End PBXFrameworksBuildPhase section */

/* Begin PBXGroup section */
		3D2DE6CEAC3B9C6A131C1199 /* Frameworks */ = {
			isa = PBXGroup;
			children = (
				33A8BE1C415C7F5BA536A706 /* libPods.a */,
			);
			name = Frameworks;
			sourceTree = "<group>";
		};
		5DFAC2201CD5B71100EC5EEC = {
			isa = PBXGroup;
			children = (
				5DFAC22B1CD5B71100EC5EEC /* WebServiceDemo */,
				5DFAC22A1CD5B71100EC5EEC /* Products */,
				F87A41665901576E01EAACA8 /* Pods */,
				3D2DE6CEAC3B9C6A131C1199 /* Frameworks */,
			);
			sourceTree = "<group>";
		};
		5DFAC22A1CD5B71100EC5EEC /* Products */ = {
			isa = PBXGroup;
			children = (
				5DFAC2291CD5B71100EC5EEC /* WebServiceDemo.app */,
			);
			name = Products;
			sourceTree = "<group>";
		};
		5DFAC22B1CD5B71100EC5EEC /* WebServiceDemo */ = {
			isa = PBXGroup;
			children = (
				5DFAC22F1CD5B71100EC5EEC /* AppDelegate.h */,
				5DFAC2301CD5B71100EC5EEC /* AppDelegate.m */,
				5DFAC23D1CD5B7C300EC5EEC /* MyViewController.h */,
				5DFAC23E1CD5B7C300EC5EEC /* MyViewController.m */,
				5DFAC23F1CD5B7C300EC5EEC /* MyViewController.xib */,
				5DFAC2321CD5B71100EC5EEC /* Assets.xcassets */,
				5DFAC2341CD5B71100EC5EEC /* LaunchScreen.storyboard */,
				5DFAC2371CD5B71100EC5EEC /* Info.plist */,
				5DFAC22C1CD5B71100EC5EEC /* Supporting Files */,
			);
			path = WebServiceDemo;
			sourceTree = "<group>";
		};
		5DFAC22C1CD5B71100EC5EEC /* Supporting Files */ = {
			isa = PBXGroup;
			children = (
				5DFAC22D1CD5B71100EC5EEC /* main.m */,
			);
			name = "Supporting Files";
			sourceTree = "<group>";
		};
		F87A41665901576E01EAACA8 /* Pods */ = {
			isa = PBXGroup;
			children = (
				99AB2AB715028116C3B4C8DB /* Pods.debug.xcconfig */,
				42F3BD5AD332EE56203E3A01 /* Pods.release.xcconfig */,
			);
			name = Pods;
			sourceTree = "<group>";
		};
/* End PBXGroup section */

/* Begin PBXNativeTarget section */
		5DFAC2281CD5B71100EC5EEC /* WebServiceDemo */ = {
			isa = PBXNativeTarget;
			buildConfigurationList = 5DFAC23A1CD5B71100EC5EEC /* Build configuration list for PBXNativeTarget "WebServiceDemo" */;
			buildPhases = (
				CB5C936E9781156F3A4336BA /* Check Pods Manifest.lock */,
				5DFAC2251CD5B71100EC5EEC /* Sources */,
				5DFAC2261CD5B71100EC5EEC /* Frameworks */,
				5DFAC2271CD5B71100EC5EEC /* Resources */,
				F24B035F8A92E3AE9F135BF7 /* Embed Pods Frameworks */,
				6DE6D77E33A3210841615C79 /* Copy Pods Resources */,
			);
			buildRules = (
			);
			dependencies = (
			);
			name = WebServiceDemo;
			productName = WebServiceDemo;
			productReference = 5DFAC2291CD5B71100EC5EEC /* WebServiceDemo.app */;
			productType = "com.apple.product-type.application";
		};
/* End PBXNativeTarget section */

/* Begin PBXProject section */
		5DFAC2211CD5B71100EC5EEC /* Project object */ = {
			isa = PBXProject;
			attributes = {
				LastUpgradeCheck = 0730;
				ORGANIZATIONNAME = gaiaworks;
				TargetAttributes = {
					5DFAC2281CD5B71100EC5EEC = {
						CreatedOnToolsVersion = 7.3;
						DevelopmentTeam = 3AMJ5N9CAF;
					};
				};
			};
			buildConfigurationList = 5DFAC2241CD5B71100EC5EEC /* Build configuration list for PBXProject "WebServiceDemo" */;
			compatibilityVersion = "Xcode 3.2";
			developmentRegion = English;
			hasScannedForEncodings = 0;
			knownRegions = (
				en,
				Base,
			);
			mainGroup = 5DFAC2201CD5B71100EC5EEC;
			productRefGroup = 5DFAC22A1CD5B71100EC5EEC /* Products */;
			projectDirPath = "";
			projectRoot = "";
			targets = (
				5DFAC2281CD5B71100EC5EEC /* WebServiceDemo */,
			);
		};
/* End PBXProject section */

/* Begin PBXResourcesBuildPhase section */
		5DFAC2271CD5B71100EC5EEC /* Resources */ = {
			isa = PBXResourcesBuildPhase;
			buildActionMask = 2147483647;
			files = (
				5DFAC2331CD5B71100EC5EEC /* Assets.xcassets in Resources */,
				5DFAC2361CD5B71100EC5EEC /* LaunchScreen.storyboard in Resources */,
				5DFAC2411CD5B7C300EC5EEC /* MyViewController.xib in Resources */,
			);
			runOnlyForDeploymentPostprocessing = 0;
		};
/* End PBXResourcesBuildPhase section */

/* Begin PBXShellScriptBuildPhase section */
		6DE6D77E33A3210841615C79 /* Copy Pods Resources */ = {
			isa = PBXShellScriptBuildPhase;
			buildActionMask = 2147483647;
			files = (
			);
			inputPaths = (
			);
			name = "Copy Pods Resources";
			outputPaths = (
			);
			runOnlyForDeploymentPostprocessing = 0;
			shellPath = /bin/sh;
			shellScript = "\"${SRCROOT}/Pods/Target Support Files/Pods/Pods-resources.sh\"\n";
			showEnvVarsInLog = 0;
		};
		CB5C936E9781156F3A4336BA /* Check Pods Manifest.lock */ = {
			isa = PBXShellScriptBuildPhase;
			buildActionMask = 2147483647;
			files = (
			);
			inputPaths = (
			);
			name = "Check Pods Manifest.lock";
			outputPaths = (
			);
			runOnlyForDeploymentPostprocessing = 0;
			shellPath = /bin/sh;
			shellScript = "diff \"${PODS_ROOT}/../Podfile.lock\" \"${PODS_ROOT}/Manifest.lock\" > /dev/null\nif [[ $? != 0 ]] ; then\n    cat << EOM\nerror: The sandbox is not in sync with the Podfile.lock. Run 'pod install' or update your CocoaPods installation.\nEOM\n    exit 1\nfi\n";
			showEnvVarsInLog = 0;
		};
		F24B035F8A92E3AE9F135BF7 /* Embed Pods Frameworks */ = {
			isa = PBXShellScriptBuildPhase;
			buildActionMask = 2147483647;
			files = (
			);
			inputPaths = (
			);
			name = "Embed Pods Frameworks";
			outputPaths = (
			);
			runOnlyForDeploymentPostprocessing = 0;
			shellPath = /bin/sh;
			shellScript = "\"${SRCROOT}/Pods/Target Support Files/Pods/Pods-frameworks.sh\"\n";
			showEnvVarsInLog = 0;
		};
/* End PBXShellScriptBuildPhase section */

/* Begin PBXSourcesBuildPhase section */
		5DFAC2251CD5B71100EC5EEC /* Sources */ = {
			isa = PBXSourcesBuildPhase;
			buildActionMask = 2147483647;
			files = (
				5DFAC2401CD5B7C300EC5EEC /* MyViewController.m in Sources */,
				5DFAC2311CD5B71100EC5EEC /* AppDelegate.m in Sources */,
				5DFAC22E1CD5B71100EC5EEC /* main.m in Sources */,
			);
			runOnlyForDeploymentPostprocessing = 0;
		};
/* End PBXSourcesBuildPhase section */

/* Begin PBXVariantGroup section */
		5DFAC2341CD5B71100EC5EEC /* LaunchScreen.storyboard */ = {
			isa = PBXVariantGroup;
			children = (
				5DFAC2351CD5B71100EC5EEC /* Base */,
			);
			name = LaunchScreen.storyboard;
			sourceTree = "<group>";
		};
/* End PBXVariantGroup section */

/* Begin XCBuildConfiguration section */
		5DFAC2381CD5B71100EC5EEC /* Debug */ = {
			isa = XCBuildConfiguration;
			buildSettings = {
				ALWAYS_SEARCH_USER_PATHS = NO;
				CLANG_ANALYZER_NONNULL = YES;
				CLANG_CXX_LANGUAGE_STANDARD = "gnu++0x";
				CLANG_CXX_LIBRARY = "libc++";
				CLANG_ENABLE_MODULES = YES;
				CLANG_ENABLE_OBJC_ARC = YES;
				CLANG_WARN_BOOL_CONVERSION = YES;
				CLANG_WARN_CONSTANT_CONVERSION = YES;
				CLANG_WARN_DIRECT_OBJC_ISA_USAGE = YES_ERROR;
				CLANG_WARN_EMPTY_BODY = YES;
				CLANG_WARN_ENUM_CONVERSION = YES;
				CLANG_WARN_INT_CONVERSION = YES;
				CLANG_WARN_OBJC_ROOT_CLASS = YES_ERROR;
				CLANG_WARN_UNREACHABLE_CODE = YES;
				CLANG_WARN__DUPLICATE_METHOD_MATCH = YES;
				"CODE_SIGN_IDENTITY[sdk=iphoneos*]" = "iPhone Developer";
				COPY_PHASE_STRIP = NO;
				DEBUG_INFORMATION_FORMAT = dwarf;
				ENABLE_STRICT_OBJC_MSGSEND = YES;
				ENABLE_TESTABILITY = YES;
				GCC_C_LANGUAGE_STANDARD = gnu99;
				GCC_DYNAMIC_NO_PIC = NO;
				GCC_NO_COMMON_BLOCKS = YES;
				GCC_OPTIMIZATION_LEVEL = 0;
				GCC_PREPROCESSOR_DEFINITIONS = (
					"DEBUG=1",
					"$(inherited)",
				);
				GCC_WARN_64_TO_32_BIT_CONVERSION = YES;
				GCC_WARN_ABOUT_RETURN_TYPE = YES_ERROR;
				GCC_WARN_UNDECLARED_SELECTOR = YES;
				GCC_WARN_UNINITIALIZED_AUTOS = YES_AGGRESSIVE;
				GCC_WARN_UNUSED_FUNCTION = YES;
				GCC_WARN_UNUSED_VARIABLE = YES;
				IPHONEOS_DEPLOYMENT_TARGET = 9.3;
				MTL_ENABLE_DEBUG_INFO = YES;
				ONLY_ACTIVE_ARCH = YES;
				SDKROOT = iphoneos;
				TARGETED_DEVICE_FAMILY = "1,2";
			};
			name = Debug;
		};
		5DFAC2391CD5B71100EC5EEC /* Release */ = {
			isa = XCBuildConfiguration;
			buildSettings = {
				ALWAYS_SEARCH_USER_PATHS = NO;
				CLANG_ANALYZER_NONNULL = YES;
				CLANG_CXX_LANGUAGE_STANDARD = "gnu++0x";
				CLANG_CXX_LIBRARY = "libc++";
				CLANG_ENABLE_MODULES = YES;
				CLANG_ENABLE_OBJC_ARC = YES;
				CLANG_WARN_BOOL_CONVERSION = YES;
				CLANG_WARN_CONSTANT_CONVERSION = YES;
				CLANG_WARN_DIRECT_OBJC_ISA_USAGE = YES_ERROR;
				CLANG_WARN_EMPTY_BODY = YES;
				CLANG_WARN_ENUM_CONVERSION = YES;
				CLANG_WARN_INT_CONVERSION = YES;
				CLANG_WARN_OBJC_ROOT_CLASS = YES_ERROR;
				CLANG_WARN_UNREACHABLE_CODE = YES;
				CLANG_WARN__DUPLICATE_METHOD_MATCH = YES;
				"CODE_SIGN_IDENTITY[sdk=iphoneos*]" = "iPhone Developer";
				COPY_PHASE_STRIP = NO;
				DEBUG_INFORMATION_FORMAT = "dwarf-with-dsym";
				ENABLE_NS_ASSERTIONS = NO;
				ENABLE_STRICT_OBJC_MSGSEND = YES;
				GCC_C_LANGUAGE_STANDARD = gnu99;
				GCC_NO_COMMON_BLOCKS = YES;
				GCC_WARN_64_TO_32_BIT_CONVERSION = YES;
				GCC_WARN_ABOUT_RETURN_TYPE = YES_ERROR;
				GCC_WARN_UNDECLARED_SELECTOR = YES;
				GCC_WARN_UNINITIALIZED_AUTOS = YES_AGGRESSIVE;
				GCC_WARN_UNUSED_FUNCTION = YES;
				GCC_WARN_UNUSED_VARIABLE = YES;
				IPHONEOS_DEPLOYMENT_TARGET = 9.3;
				MTL_ENABLE_DEBUG_INFO = NO;
				SDKROOT = iphoneos;
				TARGETED_DEVICE_FAMILY = "1,2";
				VALIDATE_PRODUCT = YES;
			};
			name = Release;
		};
		5DFAC23B1CD5B71100EC5EEC /* Debug */ = {
			isa = XCBuildConfiguration;
			baseConfigurationReference = 99AB2AB715028116C3B4C8DB /* Pods.debug.xcconfig */;
			buildSettings = {
				ASSETCATALOG_COMPILER_APPICON_NAME = AppIcon;
				INFOPLIST_FILE = WebServiceDemo/Info.plist;
				LD_RUNPATH_SEARCH_PATHS = "$(inherited) @executable_path/Frameworks";
				PRODUCT_BUNDLE_IDENTIFIER = com.gaiaworks.bluththooth.WebServiceDemo;
				PRODUCT_NAME = "$(TARGET_NAME)";
			};
			name = Debug;
		};
		5DFAC23C1CD5B71100EC5EEC /* Release */ = {
			isa = XCBuildConfiguration;
			baseConfigurationReference = 42F3BD5AD332EE56203E3A01 /* Pods.release.xcconfig */;
			buildSettings = {
				ASSETCATALOG_COMPILER_APPICON_NAME = AppIcon;
				INFOPLIST_FILE = WebServiceDemo/Info.plist;
				LD_RUNPATH_SEARCH_PATHS = "$(inherited) @executable_path/Frameworks";
				PRODUCT_BUNDLE_IDENTIFIER = com.gaiaworks.bluththooth.WebServiceDemo;
				PRODUCT_NAME = "$(TARGET_NAME)";
			};
			name = Release;
		};
/* End XCBuildConfiguration section */

/* Begin XCConfigurationList section */
		5DFAC2241CD5B71100EC5EEC /* Build configuration list for PBXProject "WebServiceDemo" */ = {
			isa = XCConfigurationList;
			buildConfigurations = (
				5DFAC2381CD5B71100EC5EEC /* Debug */,
				5DFAC2391CD5B71100EC5EEC /* Release */,
			);
			defaultConfigurationIsVisible = 0;
			defaultConfigurationName = Release;
		};
		5DFAC23A1CD5B71100EC5EEC /* Build configuration list for PBXNativeTarget "WebServiceDemo" */ = {
			isa = XCConfigurationList;
			buildConfigurations = (
				5DFAC23B1CD5B71100EC5EEC /* Debug */,
				5DFAC23C1CD5B71100EC5EEC /* Release */,
			);
			defaultConfigurationIsVisible = 0;
			defaultConfigurationName = Release;
		};
/* End XCConfigurationList section */
	};
	rootObject = 5DFAC2211CD5B71100EC5EEC /* Project object */;
}
